
Microsoft Visual Studio Solution File, Format Version 12.00
# Visual Studio Version 17
VisualStudioVersion = 17.8.34511.84
MinimumVisualStudioVersion = 10.0.40219.1
Project("{9A19103F-16F7-4668-BE54-9A1E7A4F7556}") = "Two10.CountryLookup", "Two10.CountryLookup\Two10.CountryLookup.csproj", "{74F9747D-2B2B-4F0C-824D-BBBB9F0A0389}"
EndProject
Project("{9A19103F-16F7-4668-BE54-9A1E7A4F7556}") = "Two10.CountryLookupUpdated.Tests", "Two10.CountryLookupUpdated.Tests\Two10.CountryLookupUpdated.Tests.csproj", "{CE209A4A-FB81-4377-BE97-05C94C503CF9}"
EndProject
Global
	GlobalSection(SolutionConfigurationPlatforms) = preSolution
		Debug|Any CPU = Debug|Any CPU
		Release|Any CPU = Release|Any CPU
	EndGlobalSection
	GlobalSection(ProjectConfigurationPlatforms) = postSolution
		{74F9747D-2B2B-4F0C-824D-BBBB9F0A0389}.Debug|Any CPU.ActiveCfg = Release|Any CPU
		{74F9747D-2B2B-4F0C-824D-BBBB9F0A0389}.Debug|Any CPU.Build.0 = Release|Any CPU
		{74F9747D-2B2B-4F0C-824D-BBBB9F0A0389}.Release|Any CPU.ActiveCfg = Release|Any CPU
		{74F9747D-2B2B-4F0C-824D-BBBB9F0A0389}.Release|Any CPU.Build.0 = Release|Any CPU
		{CE209A4A-FB81-4377-BE97-05C94C503CF9}.Debug|Any CPU.ActiveCfg = Debug|Any CPU
		{CE209A4A-FB81-4377-BE97-05C94C503CF9}.Debug|Any CPU.Build.0 = Debug|Any CPU
		{CE209A4A-FB81-4377-BE97-05C94C503CF9}.Release|Any CPU.ActiveCfg = Release|Any CPU
		{CE209A4A-FB81-4377-BE97-05C94C503CF9}.Release|Any CPU.Build.0 = Release|Any CPU
	EndGlobalSection
	GlobalSection(SolutionProperties) = preSolution
		HideSolutionNode = FALSE
	EndGlobalSection
	GlobalSection(ExtensibilityGlobals) = postSolution
		SolutionGuid = {EFB4FFF1-DB42-4F84-A291-8F185A63C807}
	EndGlobalSection
EndGlobal
